// !$*UTF8*$!
{
	archiveVersion = 1;
	classes = {
	};
	objectVersion = 56;
	objects = {

/* Begin PBXBuildFile section */
		9AF827852C1E853C00C07883 /* SwiftUI_CAMP__FinalProjectApp.swift in Sources */ = {isa = PBXBuildFile; fileRef = 9AF827842C1E853C00C07883 /* SwiftUI_CAMP__FinalProjectApp.swift */; };
		9AF827872C1E853C00C07883 /* ContentView.swift in Sources */ = {isa = PBXBuildFile; fileRef = 9AF827862C1E853C00C07883 /* ContentView.swift */; };
		9AF827892C1E853E00C07883 /* Assets.xcassets in Resources */ = {isa = PBXBuildFile; fileRef = 9AF827882C1E853E00C07883 /* Assets.xcassets */; };
		9AF8278C2C1E853E00C07883 /* Preview Assets.xcassets in Resources */ = {isa = PBXBuildFile; fileRef = 9AF8278B2C1E853E00C07883 /* Preview Assets.xcassets */; };
		9AF827962C1E853E00C07883 /* SwiftUI_CAMP__FinalProjectTests.swift in Sources */ = {isa = PBXBuildFile; fileRef = 9AF827952C1E853E00C07883 /* SwiftUI_CAMP__FinalProjectTests.swift */; };
		9AF827A02C1E853E00C07883 /* SwiftUI_CAMP__FinalProjectUITests.swift in Sources */ = {isa = PBXBuildFile; fileRef = 9AF8279F2C1E853E00C07883 /* SwiftUI_CAMP__FinalProjectUITests.swift */; };
		9AF827A22C1E853E00C07883 /* SwiftUI_CAMP__FinalProjectUITestsLaunchTests.swift in Sources */ = {isa = PBXBuildFile; fileRef = 9AF827A12C1E853E00C07883 /* SwiftUI_CAMP__FinalProjectUITestsLaunchTests.swift */; };
		9AF827B22C1E87CB00C07883 /* MapKit.framework in Frameworks */ = {isa = PBXBuildFile; fileRef = 9AF827AF2C1E86F200C07883 /* MapKit.framework */; };
		9AF827B92C1EBE1700C07883 /* LocationDetailView.swift in Sources */ = {isa = PBXBuildFile; fileRef = 9AF827B82C1EBE1700C07883 /* LocationDetailView.swift */; };
		9AF827BC2C1EC70000C07883 /* Places.swift in Sources */ = {isa = PBXBuildFile; fileRef = 9AF827BA2C1EC6FF00C07883 /* Places.swift */; };
		9AF827BE2C1ECD0C00C07883 /* WantToGoRow.swift in Sources */ = {isa = PBXBuildFile; fileRef = 9AF827BD2C1ECD0C00C07883 /* WantToGoRow.swift */; };
		9AF827C02C1ECD4700C07883 /* WantToGoLay.swift in Sources */ = {isa = PBXBuildFile; fileRef = 9AF827BF2C1ECD4700C07883 /* WantToGoLay.swift */; };
		9AF827C32C1EE03A00C07883 /* lanchscreen.storyboard in Resources */ = {isa = PBXBuildFile; fileRef = 9AF827C22C1EE03A00C07883 /* lanchscreen.storyboard */; };
/* End PBXBuildFile section */

/* Begin PBXContainerItemProxy section */
		9AF827922C1E853E00C07883 /* PBXContainerItemProxy */ = {
			isa = PBXContainerItemProxy;
			containerPortal = 9AF827792C1E853C00C07883 /* Project object */;
			proxyType = 1;
			remoteGlobalIDString = 9AF827802C1E853C00C07883;
			remoteInfo = SwiftUI_CAMP__FinalProject;
		};
		9AF8279C2C1E853E00C07883 /* PBXContainerItemProxy */ = {
			isa = PBXContainerItemProxy;
			containerPortal = 9AF827792C1E853C00C07883 /* Project object */;
			proxyType = 1;
			remoteGlobalIDString = 9AF827802C1E853C00C07883;
			remoteInfo = SwiftUI_CAMP__FinalProject;
		};
/* End PBXContainerItemProxy section */

/* Begin PBXFileReference section */
		9AF827812C1E853C00C07883 /* SwiftUI_CAMP__FinalProject.app */ = {isa = PBXFileReference; explicitFileType = wrapper.application; includeInIndex = 0; path = SwiftUI_CAMP__FinalProject.app; sourceTree = BUILT_PRODUCTS_DIR; };
		9AF827842C1E853C00C07883 /* SwiftUI_CAMP__FinalProjectApp.swift */ = {isa = PBXFileReference; lastKnownFileType = sourcecode.swift; path = SwiftUI_CAMP__FinalProjectApp.swift; sourceTree = "<group>"; };
		9AF827862C1E853C00C07883 /* ContentView.swift */ = {isa = PBXFileReference; lastKnownFileType = sourcecode.swift; path = ContentView.swift; sourceTree = "<group>"; };
		9AF827882C1E853E00C07883 /* Assets.xcassets */ = {isa = PBXFileReference; lastKnownFileType = folder.assetcatalog; path = Assets.xcassets; sourceTree = "<group>"; };
		9AF8278B2C1E853E00C07883 /* Preview Assets.xcassets */ = {isa = PBXFileReference; lastKnownFileType = folder.assetcatalog; path = "Preview Assets.xcassets"; sourceTree = "<group>"; };
		9AF827912C1E853E00C07883 /* SwiftUI_CAMP__FinalProjectTests.xctest */ = {isa = PBXFileReference; explicitFileType = wrapper.cfbundle; includeInIndex = 0; path = SwiftUI_CAMP__FinalProjectTests.xctest; sourceTree = BUILT_PRODUCTS_DIR; };
		9AF827952C1E853E00C07883 /* SwiftUI_CAMP__FinalProjectTests.swift */ = {isa = PBXFileReference; lastKnownFileType = sourcecode.swift; path = SwiftUI_CAMP__FinalProjectTests.swift; sourceTree = "<group>"; };
		9AF8279B2C1E853E00C07883 /* SwiftUI_CAMP__FinalProjectUITests.xctest */ = {isa = PBXFileReference; explicitFileType = wrapper.cfbundle; includeInIndex = 0; path = SwiftUI_CAMP__FinalProjectUITests.xctest; sourceTree = BUILT_PRODUCTS_DIR; };
		9AF8279F2C1E853E00C07883 /* SwiftUI_CAMP__FinalProjectUITests.swift */ = {isa = PBXFileReference; lastKnownFileType = sourcecode.swift; path = SwiftUI_CAMP__FinalProjectUITests.swift; sourceTree = "<group>"; };
		9AF827A12C1E853E00C07883 /* SwiftUI_CAMP__FinalProjectUITestsLaunchTests.swift */ = {isa = PBXFileReference; lastKnownFileType = sourcecode.swift; path = SwiftUI_CAMP__FinalProjectUITestsLaunchTests.swift; sourceTree = "<group>"; };
		9AF827AF2C1E86F200C07883 /* MapKit.framework */ = {isa = PBXFileReference; lastKnownFileType = wrapper.framework; name = MapKit.framework; path = System/Library/Frameworks/MapKit.framework; sourceTree = SDKROOT; };
		9AF827B52C1E8D2A00C07883 /* SwiftUI-CAMP--FinalProject-Info.plist */ = {isa = PBXFileReference; lastKnownFileType = text.plist; path = "SwiftUI-CAMP--FinalProject-Info.plist"; sourceTree = SOURCE_ROOT; };
		9AF827B82C1EBE1700C07883 /* LocationDetailView.swift */ = {isa = PBXFileReference; lastKnownFileType = sourcecode.swift; path = LocationDetailView.swift; sourceTree = "<group>"; };
		9AF827BA2C1EC6FF00C07883 /* Places.swift */ = {isa = PBXFileReference; fileEncoding = 4; lastKnownFileType = sourcecode.swift; path = Places.swift; sourceTree = "<group>"; };
		9AF827BD2C1ECD0C00C07883 /* WantToGoRow.swift */ = {isa = PBXFileReference; fileEncoding = 4; lastKnownFileType = sourcecode.swift; name = WantToGoRow.swift; path = "../../../Downloads/Final-part1/Final-part1/WantToGoRow.swift"; sourceTree = "<group>"; };
		9AF827BF2C1ECD4700C07883 /* WantToGoLay.swift */ = {isa = PBXFileReference; lastKnownFileType = sourcecode.swift; path = WantToGoLay.swift; sourceTree = "<group>"; };
		9AF827C12C1EDBAE00C07883 /* SwiftUI_CAMP__FinalProject.entitlements */ = {isa = PBXFileReference; lastKnownFileType = text.plist.entitlements; path = SwiftUI_CAMP__FinalProject.entitlements; sourceTree = "<group>"; };
		9AF827C22C1EE03A00C07883 /* lanchscreen.storyboard */ = {isa = PBXFileReference; lastKnownFileType = file.storyboard; path = lanchscreen.storyboard; sourceTree = "<group>"; };
/* End PBXFileReference section */

/* Begin PBXFrameworksBuildPhase section */
		9AF8277E2C1E853C00C07883 /* Frameworks */ = {
			isa = PBXFrameworksBuildPhase;
			buildActionMask = 2147483647;
			files = (
				9AF827B22C1E87CB00C07883 /* MapKit.framework in Frameworks */,
			);
			runOnlyForDeploymentPostprocessing = 0;
		};
		9AF8278E2C1E853E00C07883 /* Frameworks */ = {
			isa = PBXFrameworksBuildPhase;
			buildActionMask = 2147483647;
			files = (
			);
			runOnlyForDeploymentPostprocessing = 0;
		};
		9AF827982C1E853E00C07883 /* Frameworks */ = {
			isa = PBXFrameworksBuildPhase;
			buildActionMask = 2147483647;
			files = (
			);
			runOnlyForDeploymentPostprocessing = 0;
		};
/* End PBXFrameworksBuildPhase section */

/* Begin PBXGroup section */
		9AF827782C1E853C00C07883 = {
			isa = PBXGroup;
			children = (
				9AF827832C1E853C00C07883 /* SwiftUI_CAMP__FinalProject */,
				9AF827942C1E853E00C07883 /* SwiftUI_CAMP__FinalProjectTests */,
				9AF8279E2C1E853E00C07883 /* SwiftUI_CAMP__FinalProjectUITests */,
				9AF827822C1E853C00C07883 /* Products */,
				9AF827AE2C1E86F200C07883 /* Frameworks */,
			);
			sourceTree = "<group>";
		};
		9AF827822C1E853C00C07883 /* Products */ = {
			isa = PBXGroup;
			children = (
				9AF827812C1E853C00C07883 /* SwiftUI_CAMP__FinalProject.app */,
				9AF827912C1E853E00C07883 /* SwiftUI_CAMP__FinalProjectTests.xctest */,
				9AF8279B2C1E853E00C07883 /* SwiftUI_CAMP__FinalProjectUITests.xctest */,
			);
			name = Products;
			sourceTree = "<group>";
		};
		9AF827832C1E853C00C07883 /* SwiftUI_CAMP__FinalProject */ = {
			isa = PBXGroup;
			children = (
				9AF827C12C1EDBAE00C07883 /* SwiftUI_CAMP__FinalProject.entitlements */,
				9AF827BB2C1EC6FF00C07883 /* Model */,
				9AF827B52C1E8D2A00C07883 /* SwiftUI-CAMP--FinalProject-Info.plist */,
				9AF827842C1E853C00C07883 /* SwiftUI_CAMP__FinalProjectApp.swift */,
				9AF827BD2C1ECD0C00C07883 /* WantToGoRow.swift */,
				9AF827862C1E853C00C07883 /* ContentView.swift */,
				9AF827882C1E853E00C07883 /* Assets.xcassets */,
				9AF8278A2C1E853E00C07883 /* Preview Content */,
				9AF827B82C1EBE1700C07883 /* LocationDetailView.swift */,
				9AF827BF2C1ECD4700C07883 /* WantToGoLay.swift */,
				9AF827C22C1EE03A00C07883 /* lanchscreen.storyboard */,
			);
			path = SwiftUI_CAMP__FinalProject;
			sourceTree = "<group>";
		};
		9AF8278A2C1E853E00C07883 /* Preview Content */ = {
			isa = PBXGroup;
			children = (
				9AF8278B2C1E853E00C07883 /* Preview Assets.xcassets */,
			);
			path = "Preview Content";
			sourceTree = "<group>";
		};
		9AF827942C1E853E00C07883 /* SwiftUI_CAMP__FinalProjectTests */ = {
			isa = PBXGroup;
			children = (
				9AF827952C1E853E00C07883 /* SwiftUI_CAMP__FinalProjectTests.swift */,
			);
			path = SwiftUI_CAMP__FinalProjectTests;
			sourceTree = "<group>";
		};
		9AF8279E2C1E853E00C07883 /* SwiftUI_CAMP__FinalProjectUITests */ = {
			isa = PBXGroup;
			children = (
				9AF8279F2C1E853E00C07883 /* SwiftUI_CAMP__FinalProjectUITests.swift */,
				9AF827A12C1E853E00C07883 /* SwiftUI_CAMP__FinalProjectUITestsLaunchTests.swift */,
			);
			path = SwiftUI_CAMP__FinalProjectUITests;
			sourceTree = "<group>";
		};
		9AF827AE2C1E86F200C07883 /* Frameworks */ = {
			isa = PBXGroup;
			children = (
				9AF827AF2C1E86F200C07883 /* MapKit.framework */,
			);
			name = Frameworks;
			sourceTree = "<group>";
		};
		9AF827BB2C1EC6FF00C07883 /* Model */ = {
			isa = PBXGroup;
			children = (
				9AF827BA2C1EC6FF00C07883 /* Places.swift */,
			);
			name = Model;
			path = "../../../Downloads/Final-part1/Final-part1/Model";
			sourceTree = "<group>";
		};
/* End PBXGroup section */

/* Begin PBXNativeTarget section */
		9AF827802C1E853C00C07883 /* SwiftUI_CAMP__FinalProject */ = {
			isa = PBXNativeTarget;
			buildConfigurationList = 9AF827A52C1E853E00C07883 /* Build configuration list for PBXNativeTarget "SwiftUI_CAMP__FinalProject" */;
			buildPhases = (
				9AF8277D2C1E853C00C07883 /* Sources */,
				9AF8277E2C1E853C00C07883 /* Frameworks */,
				9AF8277F2C1E853C00C07883 /* Resources */,
			);
			buildRules = (
			);
			dependencies = (
			);
			name = SwiftUI_CAMP__FinalProject;
			productName = SwiftUI_CAMP__FinalProject;
			productReference = 9AF827812C1E853C00C07883 /* SwiftUI_CAMP__FinalProject.app */;
			productType = "com.apple.product-type.application";
		};
		9AF827902C1E853E00C07883 /* SwiftUI_CAMP__FinalProjectTests */ = {
			isa = PBXNativeTarget;
			buildConfigurationList = 9AF827A82C1E853E00C07883 /* Build configuration list for PBXNativeTarget "SwiftUI_CAMP__FinalProjectTests" */;
			buildPhases = (
				9AF8278D2C1E853E00C07883 /* Sources */,
				9AF8278E2C1E853E00C07883 /* Frameworks */,
				9AF8278F2C1E853E00C07883 /* Resources */,
			);
			buildRules = (
			);
			dependencies = (
				9AF827932C1E853E00C07883 /* PBXTargetDependency */,
			);
			name = SwiftUI_CAMP__FinalProjectTests;
			productName = SwiftUI_CAMP__FinalProjectTests;
			productReference = 9AF827912C1E853E00C07883 /* SwiftUI_CAMP__FinalProjectTests.xctest */;
			productType = "com.apple.product-type.bundle.unit-test";
		};
		9AF8279A2C1E853E00C07883 /* SwiftUI_CAMP__FinalProjectUITests */ = {
			isa = PBXNativeTarget;
			buildConfigurationList = 9AF827AB2C1E853E00C07883 /* Build configuration list for PBXNativeTarget "SwiftUI_CAMP__FinalProjectUITests" */;
			buildPhases = (
				9AF827972C1E853E00C07883 /* Sources */,
				9AF827982C1E853E00C07883 /* Frameworks */,
				9AF827992C1E853E00C07883 /* Resources */,
			);
			buildRules = (
			);
			dependencies = (
				9AF8279D2C1E853E00C07883 /* PBXTargetDependency */,
			);
			name = SwiftUI_CAMP__FinalProjectUITests;
			productName = SwiftUI_CAMP__FinalProjectUITests;
			productReference = 9AF8279B2C1E853E00C07883 /* SwiftUI_CAMP__FinalProjectUITests.xctest */;
			productType = "com.apple.product-type.bundle.ui-testing";
		};
/* End PBXNativeTarget section */

/* Begin PBXProject section */
		9AF827792C1E853C00C07883 /* Project object */ = {
			isa = PBXProject;
			attributes = {
				BuildIndependentTargetsInParallel = 1;
				LastSwiftUpdateCheck = 1530;
				LastUpgradeCheck = 1530;
				TargetAttributes = {
					9AF827802C1E853C00C07883 = {
						CreatedOnToolsVersion = 15.3;
					};
					9AF827902C1E853E00C07883 = {
						CreatedOnToolsVersion = 15.3;
						TestTargetID = 9AF827802C1E853C00C07883;
					};
					9AF8279A2C1E853E00C07883 = {
						CreatedOnToolsVersion = 15.3;
						TestTargetID = 9AF827802C1E853C00C07883;
					};
				};
			};
			buildConfigurationList = 9AF8277C2C1E853C00C07883 /* Build configuration list for PBXProject "SwiftUI_CAMP__FinalProject" */;
			compatibilityVersion = "Xcode 14.0";
			developmentRegion = en;
			hasScannedForEncodings = 0;
			knownRegions = (
				en,
				Base,
			);
			mainGroup = 9AF827782C1E853C00C07883;
			productRefGroup = 9AF827822C1E853C00C07883 /* Products */;
			projectDirPath = "";
			projectRoot = "";
			targets = (
				9AF827802C1E853C00C07883 /* SwiftUI_CAMP__FinalProject */,
				9AF827902C1E853E00C07883 /* SwiftUI_CAMP__FinalProjectTests */,
				9AF8279A2C1E853E00C07883 /* SwiftUI_CAMP__FinalProjectUITests */,
			);
		};
/* End PBXProject section */

/* Begin PBXResourcesBuildPhase section */
		9AF8277F2C1E853C00C07883 /* Resources */ = {
			isa = PBXResourcesBuildPhase;
			buildActionMask = 2147483647;
			files = (
				9AF8278C2C1E853E00C07883 /* Preview Assets.xcassets in Resources */,
				9AF827892C1E853E00C07883 /* Assets.xcassets in Resources */,
				9AF827C32C1EE03A00C07883 /* lanchscreen.storyboard in Resources */,
			);
			runOnlyForDeploymentPostprocessing = 0;
		};
		9AF8278F2C1E853E00C07883 /* Resources */ = {
			isa = PBXResourcesBuildPhase;
			buildActionMask = 2147483647;
			files = (
			);
			runOnlyForDeploymentPostprocessing = 0;
		};
		9AF827992C1E853E00C07883 /* Resources */ = {
			isa = PBXResourcesBuildPhase;
			buildActionMask = 2147483647;
			files = (
			);
			runOnlyForDeploymentPostprocessing = 0;
		};
/* End PBXResourcesBuildPhase section */

/* Begin PBXSourcesBuildPhase section */
		9AF8277D2C1E853C00C07883 /* Sources */ = {
			isa = PBXSourcesBuildPhase;
			buildActionMask = 2147483647;
			files = (
				9AF827872C1E853C00C07883 /* ContentView.swift in Sources */,
				9AF827BE2C1ECD0C00C07883 /* WantToGoRow.swift in Sources */,
				9AF827852C1E853C00C07883 /* SwiftUI_CAMP__FinalProjectApp.swift in Sources */,
				9AF827B92C1EBE1700C07883 /* LocationDetailView.swift in Sources */,
				9AF827BC2C1EC70000C07883 /* Places.swift in Sources */,
				9AF827C02C1ECD4700C07883 /* WantToGoLay.swift in Sources */,
			);
			runOnlyForDeploymentPostprocessing = 0;
		};
		9AF8278D2C1E853E00C07883 /* Sources */ = {
			isa = PBXSourcesBuildPhase;
			buildActionMask = 2147483647;
			files = (
				9AF827962C1E853E00C07883 /* SwiftUI_CAMP__FinalProjectTests.swift in Sources */,
			);
			runOnlyForDeploymentPostprocessing = 0;
		};
		9AF827972C1E853E00C07883 /* Sources */ = {
			isa = PBXSourcesBuildPhase;
			buildActionMask = 2147483647;
			files = (
				9AF827A22C1E853E00C07883 /* SwiftUI_CAMP__FinalProjectUITestsLaunchTests.swift in Sources */,
				9AF827A02C1E853E00C07883 /* SwiftUI_CAMP__FinalProjectUITests.swift in Sources */,
			);
			runOnlyForDeploymentPostprocessing = 0;
		};
/* End PBXSourcesBuildPhase section */

/* Begin PBXTargetDependency section */
		9AF827932C1E853E00C07883 /* PBXTargetDependency */ = {
			isa = PBXTargetDependency;
			target = 9AF827802C1E853C00C07883 /* SwiftUI_CAMP__FinalProject */;
			targetProxy = 9AF827922C1E853E00C07883 /* PBXContainerItemProxy */;
		};
		9AF8279D2C1E853E00C07883 /* PBXTargetDependency */ = {
			isa = PBXTargetDependency;
			target = 9AF827802C1E853C00C07883 /* SwiftUI_CAMP__FinalProject */;
			targetProxy = 9AF8279C2C1E853E00C07883 /* PBXContainerItemProxy */;
		};
/* End PBXTargetDependency section */

/* Begin XCBuildConfiguration section */
		9AF827A32C1E853E00C07883 /* Debug */ = {
			isa = XCBuildConfiguration;
			buildSettings = {
				ALWAYS_SEARCH_USER_PATHS = NO;
				ASSETCATALOG_COMPILER_GENERATE_SWIFT_ASSET_SYMBOL_EXTENSIONS = YES;
				CLANG_ANALYZER_NONNULL = YES;
				CLANG_ANALYZER_NUMBER_OBJECT_CONVERSION = YES_AGGRESSIVE;
				CLANG_CXX_LANGUAGE_STANDARD = "gnu++20";
				CLANG_ENABLE_MODULES = YES;
				CLANG_ENABLE_OBJC_ARC = YES;
				CLANG_ENABLE_OBJC_WEAK = YES;
				CLANG_WARN_BLOCK_CAPTURE_AUTORELEASING = YES;
				CLANG_WARN_BOOL_CONVERSION = YES;
				CLANG_WARN_COMMA = YES;
				CLANG_WARN_CONSTANT_CONVERSION = YES;
				CLANG_WARN_DEPRECATED_OBJC_IMPLEMENTATIONS = YES;
				CLANG_WARN_DIRECT_OBJC_ISA_USAGE = YES_ERROR;
				CLANG_WARN_DOCUMENTATION_COMMENTS = YES;
				CLANG_WARN_EMPTY_BODY = YES;
				CLANG_WARN_ENUM_CONVERSION = YES;
				CLANG_WARN_INFINITE_RECURSION = YES;
				CLANG_WARN_INT_CONVERSION = YES;
				CLANG_WARN_NON_LITERAL_NULL_CONVERSION = YES;
				CLANG_WARN_OBJC_IMPLICIT_RETAIN_SELF = YES;
				CLANG_WARN_OBJC_LITERAL_CONVERSION = YES;
				CLANG_WARN_OBJC_ROOT_CLASS = YES_ERROR;
				CLANG_WARN_QUOTED_INCLUDE_IN_FRAMEWORK_HEADER = YES;
				CLANG_WARN_RANGE_LOOP_ANALYSIS = YES;
				CLANG_WARN_STRICT_PROTOTYPES = YES;
				CLANG_WARN_SUSPICIOUS_MOVE = YES;
				CLANG_WARN_UNGUARDED_AVAILABILITY = YES_AGGRESSIVE;
				CLANG_WARN_UNREACHABLE_CODE = YES;
				CLANG_WARN__DUPLICATE_METHOD_MATCH = YES;
				COPY_PHASE_STRIP = NO;
				DEBUG_INFORMATION_FORMAT = dwarf;
				ENABLE_STRICT_OBJC_MSGSEND = YES;
				ENABLE_TESTABILITY = YES;
				ENABLE_USER_SCRIPT_SANDBOXING = YES;
				GCC_C_LANGUAGE_STANDARD = gnu17;
				GCC_DYNAMIC_NO_PIC = NO;
				GCC_NO_COMMON_BLOCKS = YES;
				GCC_OPTIMIZATION_LEVEL = 0;
				GCC_PREPROCESSOR_DEFINITIONS = (
					"DEBUG=1",
					"$(inherited)",
				);
				GCC_WARN_64_TO_32_BIT_CONVERSION = YES;
				GCC_WARN_ABOUT_RETURN_TYPE = YES_ERROR;
				GCC_WARN_UNDECLARED_SELECTOR = YES;
				GCC_WARN_UNINITIALIZED_AUTOS = YES_AGGRESSIVE;
				GCC_WARN_UNUSED_FUNCTION = YES;
				GCC_WARN_UNUSED_VARIABLE = YES;
				IPHONEOS_DEPLOYMENT_TARGET = 17.4;
				LOCALIZATION_PREFERS_STRING_CATALOGS = YES;
				MTL_ENABLE_DEBUG_INFO = INCLUDE_SOURCE;
				MTL_FAST_MATH = YES;
				ONLY_ACTIVE_ARCH = YES;
				SDKROOT = iphoneos;
				SWIFT_ACTIVE_COMPILATION_CONDITIONS = "DEBUG $(inherited)";
				SWIFT_OPTIMIZATION_LEVEL = "-Onone";
			};
			name = Debug;
		};
		9AF827A42C1E853E00C07883 /* Release */ = {
			isa = XCBuildConfiguration;
			buildSettings = {
				ALWAYS_SEARCH_USER_PATHS = NO;
				ASSETCATALOG_COMPILER_GENERATE_SWIFT_ASSET_SYMBOL_EXTENSIONS = YES;
				CLANG_ANALYZER_NONNULL = YES;
				CLANG_ANALYZER_NUMBER_OBJECT_CONVERSION = YES_AGGRESSIVE;
				CLANG_CXX_LANGUAGE_STANDARD = "gnu++20";
				CLANG_ENABLE_MODULES = YES;
				CLANG_ENABLE_OBJC_ARC = YES;
				CLANG_ENABLE_OBJC_WEAK = YES;
				CLANG_WARN_BLOCK_CAPTURE_AUTORELEASING = YES;
				CLANG_WARN_BOOL_CONVERSION = YES;
				CLANG_WARN_COMMA = YES;
				CLANG_WARN_CONSTANT_CONVERSION = YES;
				CLANG_WARN_DEPRECATED_OBJC_IMPLEMENTATIONS = YES;
				CLANG_WARN_DIRECT_OBJC_ISA_USAGE = YES_ERROR;
				CLANG_WARN_DOCUMENTATION_COMMENTS = YES;
				CLANG_WARN_EMPTY_BODY = YES;
				CLANG_WARN_ENUM_CONVERSION = YES;
				CLANG_WARN_INFINITE_RECURSION = YES;
				CLANG_WARN_INT_CONVERSION = YES;
				CLANG_WARN_NON_LITERAL_NULL_CONVERSION = YES;
				CLANG_WARN_OBJC_IMPLICIT_RETAIN_SELF = YES;
				CLANG_WARN_OBJC_LITERAL_CONVERSION = YES;
				CLANG_WARN_OBJC_ROOT_CLASS = YES_ERROR;
				CLANG_WARN_QUOTED_INCLUDE_IN_FRAMEWORK_HEADER = YES;
				CLANG_WARN_RANGE_LOOP_ANALYSIS = YES;
				CLANG_WARN_STRICT_PROTOTYPES = YES;
				CLANG_WARN_SUSPICIOUS_MOVE = YES;
				CLANG_WARN_UNGUARDED_AVAILABILITY = YES_AGGRESSIVE;
				CLANG_WARN_UNREACHABLE_CODE = YES;
				CLANG_WARN__DUPLICATE_METHOD_MATCH = YES;
				COPY_PHASE_STRIP = NO;
				DEBUG_INFORMATION_FORMAT = "dwarf-with-dsym";
				ENABLE_NS_ASSERTIONS = NO;
				ENABLE_STRICT_OBJC_MSGSEND = YES;
				ENABLE_USER_SCRIPT_SANDBOXING = YES;
				GCC_C_LANGUAGE_STANDARD = gnu17;
				GCC_NO_COMMON_BLOCKS = YES;
				GCC_WARN_64_TO_32_BIT_CONVERSION = YES;
				GCC_WARN_ABOUT_RETURN_TYPE = YES_ERROR;
				GCC_WARN_UNDECLARED_SELECTOR = YES;
				GCC_WARN_UNINITIALIZED_AUTOS = YES_AGGRESSIVE;
				GCC_WARN_UNUSED_FUNCTION = YES;
				GCC_WARN_UNUSED_VARIABLE = YES;
				IPHONEOS_DEPLOYMENT_TARGET = 17.4;
				LOCALIZATION_PREFERS_STRING_CATALOGS = YES;
				MTL_ENABLE_DEBUG_INFO = NO;
				MTL_FAST_MATH = YES;
				SDKROOT = iphoneos;
				SWIFT_COMPILATION_MODE = wholemodule;
				VALIDATE_PRODUCT = YES;
			};
			name = Release;
		};
		9AF827A62C1E853E00C07883 /* Debug */ = {
			isa = XCBuildConfiguration;
			buildSettings = {
				ASSETCATALOG_COMPILER_APPICON_NAME = AppIcon;
				ASSETCATALOG_COMPILER_GLOBAL_ACCENT_COLOR_NAME = AccentColor;
				ASSETCATALOG_COMPILER_INCLUDE_ALL_APPICON_ASSETS = YES;
				CODE_SIGN_ENTITLEMENTS = SwiftUI_CAMP__FinalProject/SwiftUI_CAMP__FinalProject.entitlements;
				CODE_SIGN_IDENTITY = "Apple Development";
				CODE_SIGN_STYLE = Automatic;
				CURRENT_PROJECT_VERSION = 1;
				DEVELOPMENT_ASSET_PATHS = "\"SwiftUI_CAMP__FinalProject/Preview Content\"";
				DEVELOPMENT_TEAM = JG424ALXJR;
				ENABLE_PREVIEWS = YES;
				GENERATE_INFOPLIST_FILE = YES;
				INFOPLIST_FILE = "SwiftUI-CAMP--FinalProject-Info.plist";
				INFOPLIST_KEY_UIApplicationSceneManifest_Generation = YES;
				INFOPLIST_KEY_UIApplicationSupportsIndirectInputEvents = YES;
				INFOPLIST_KEY_UILaunchScreen_Generation = YES;
				INFOPLIST_KEY_UILaunchStoryboardName = lanchscreen.storyboard;
				INFOPLIST_KEY_UISupportedInterfaceOrientations_iPad = "UIInterfaceOrientationPortrait UIInterfaceOrientationPortraitUpsideDown UIInterfaceOrientationLandscapeLeft UIInterfaceOrientationLandscapeRight";
				INFOPLIST_KEY_UISupportedInterfaceOrientations_iPhone = "UIInterfaceOrientationPortrait UIInterfaceOrientationLandscapeLeft UIInterfaceOrientationLandscapeRight";
				IPHONEOS_DEPLOYMENT_TARGET = 17.4;
				LD_RUNPATH_SEARCH_PATHS = (
					"$(inherited)",
					"@executable_path/Frameworks",
				);
				MARKETING_VERSION = 1.0;
				PRODUCT_BUNDLE_IDENTIFIER = "com.Aszerdev.SwiftUI-CAMP--FinalProject";
				PRODUCT_NAME = "$(TARGET_NAME)";
				PROVISIONING_PROFILE_SPECIFIER = "";
				SWIFT_EMIT_LOC_STRINGS = YES;
				SWIFT_VERSION = 5.0;
				TARGETED_DEVICE_FAMILY = "1,2";
			};
			name = Debug;
		};
		9AF827A72C1E853E00C07883 /* Release */ = {
			isa = XCBuildConfiguration;
			buildSettings = {
				ASSETCATALOG_COMPILER_APPICON_NAME = AppIcon;
				ASSETCATALOG_COMPILER_GLOBAL_ACCENT_COLOR_NAME = AccentColor;
				ASSETCATALOG_COMPILER_INCLUDE_ALL_APPICON_ASSETS = YES;
				CODE_SIGN_ENTITLEMENTS = SwiftUI_CAMP__FinalProject/SwiftUI_CAMP__FinalProject.entitlements;
				CODE_SIGN_IDENTITY = "Apple Development";
				CODE_SIGN_STYLE = Automatic;
				CURRENT_PROJECT_VERSION = 1;
				DEVELOPMENT_ASSET_PATHS = "\"SwiftUI_CAMP__FinalProject/Preview Content\"";
				DEVELOPMENT_TEAM = JG424ALXJR;
				ENABLE_PREVIEWS = YES;
				GENERATE_INFOPLIST_FILE = YES;
				INFOPLIST_FILE = "SwiftUI-CAMP--FinalProject-Info.plist";
				INFOPLIST_KEY_UIApplicationSceneManifest_Generation = YES;
				INFOPLIST_KEY_UIApplicationSupportsIndirectInputEvents = YES;
				INFOPLIST_KEY_UILaunchScreen_Generation = YES;
				INFOPLIST_KEY_UILaunchStoryboardName = lanchscreen.storyboard;
				INFOPLIST_KEY_UISupportedInterfaceOrientations_iPad = "UIInterfaceOrientationPortrait UIInterfaceOrientationPortraitUpsideDown UIInterfaceOrientationLandscapeLeft UIInterfaceOrientationLandscapeRight";
				INFOPLIST_KEY_UISupportedInterfaceOrientations_iPhone = "UIInterfaceOrientationPortrait UIInterfaceOrientationLandscapeLeft UIInterfaceOrientationLandscapeRight";
				IPHONEOS_DEPLOYMENT_TARGET = 17.4;
				LD_RUNPATH_SEARCH_PATHS = (
					"$(inherited)",
					"@executable_path/Frameworks",
				);
				MARKETING_VERSION = 1.0;
				PRODUCT_BUNDLE_IDENTIFIER = "com.Aszerdev.SwiftUI-CAMP--FinalProject";
				PRODUCT_NAME = "$(TARGET_NAME)";
				PROVISIONING_PROFILE_SPECIFIER = "";
				SWIFT_EMIT_LOC_STRINGS = YES;
				SWIFT_VERSION = 5.0;
				TARGETED_DEVICE_FAMILY = "1,2";
			};
			name = Release;
		};
		9AF827A92C1E853E00C07883 /* Debug */ = {
			isa = XCBuildConfiguration;
			buildSettings = {
				ALWAYS_EMBED_SWIFT_STANDARD_LIBRARIES = YES;
				BUNDLE_LOADER = "$(TEST_HOST)";
				CODE_SIGN_STYLE = Automatic;
				CURRENT_PROJECT_VERSION = 1;
				GENERATE_INFOPLIST_FILE = YES;
				IPHONEOS_DEPLOYMENT_TARGET = 17.4;
				MARKETING_VERSION = 1.0;
				PRODUCT_BUNDLE_IDENTIFIER = "com.Aszerdev.SwiftUI-CAMP--FinalProjectTests";
				PRODUCT_NAME = "$(TARGET_NAME)";
				SWIFT_EMIT_LOC_STRINGS = NO;
				SWIFT_VERSION = 5.0;
				TARGETED_DEVICE_FAMILY = "1,2";
				TEST_HOST = "$(BUILT_PRODUCTS_DIR)/SwiftUI_CAMP__FinalProject.app/$(BUNDLE_EXECUTABLE_FOLDER_PATH)/SwiftUI_CAMP__FinalProject";
			};
			name = Debug;
		};
		9AF827AA2C1E853E00C07883 /* Release */ = {
			isa = XCBuildConfiguration;
			buildSettings = {
				ALWAYS_EMBED_SWIFT_STANDARD_LIBRARIES = YES;
				BUNDLE_LOADER = "$(TEST_HOST)";
				CODE_SIGN_STYLE = Automatic;
				CURRENT_PROJECT_VERSION = 1;
				GENERATE_INFOPLIST_FILE = YES;
				IPHONEOS_DEPLOYMENT_TARGET = 17.4;
				MARKETING_VERSION = 1.0;
				PRODUCT_BUNDLE_IDENTIFIER = "com.Aszerdev.SwiftUI-CAMP--FinalProjectTests";
				PRODUCT_NAME = "$(TARGET_NAME)";
				SWIFT_EMIT_LOC_STRINGS = NO;
				SWIFT_VERSION = 5.0;
				TARGETED_DEVICE_FAMILY = "1,2";
				TEST_HOST = "$(BUILT_PRODUCTS_DIR)/SwiftUI_CAMP__FinalProject.app/$(BUNDLE_EXECUTABLE_FOLDER_PATH)/SwiftUI_CAMP__FinalProject";
			};
			name = Release;
		};
		9AF827AC2C1E853E00C07883 /* Debug */ = {
			isa = XCBuildConfiguration;
			buildSettings = {
				ALWAYS_EMBED_SWIFT_STANDARD_LIBRARIES = YES;
				CODE_SIGN_STYLE = Automatic;
				CURRENT_PROJECT_VERSION = 1;
				GENERATE_INFOPLIST_FILE = YES;
				MARKETING_VERSION = 1.0;
				PRODUCT_BUNDLE_IDENTIFIER = "com.Aszerdev.SwiftUI-CAMP--FinalProjectUITests";
				PRODUCT_NAME = "$(TARGET_NAME)";
				SWIFT_EMIT_LOC_STRINGS = NO;
				SWIFT_VERSION = 5.0;
				TARGETED_DEVICE_FAMILY = "1,2";
				TEST_TARGET_NAME = SwiftUI_CAMP__FinalProject;
			};
			name = Debug;
		};
		9AF827AD2C1E853E00C07883 /* Release */ = {
			isa = XCBuildConfiguration;
			buildSettings = {
				ALWAYS_EMBED_SWIFT_STANDARD_LIBRARIES = YES;
				CODE_SIGN_STYLE = Automatic;
				CURRENT_PROJECT_VERSION = 1;
				GENERATE_INFOPLIST_FILE = YES;
				MARKETING_VERSION = 1.0;
				PRODUCT_BUNDLE_IDENTIFIER = "com.Aszerdev.SwiftUI-CAMP--FinalProjectUITests";
				PRODUCT_NAME = "$(TARGET_NAME)";
				SWIFT_EMIT_LOC_STRINGS = NO;
				SWIFT_VERSION = 5.0;
				TARGETED_DEVICE_FAMILY = "1,2";
				TEST_TARGET_NAME = SwiftUI_CAMP__FinalProject;
			};
			name = Release;
		};
/* End XCBuildConfiguration section */

/* Begin XCConfigurationList section */
		9AF8277C2C1E853C00C07883 /* Build configuration list for PBXProject "SwiftUI_CAMP__FinalProject" */ = {
			isa = XCConfigurationList;
			buildConfigurations = (
				9AF827A32C1E853E00C07883 /* Debug */,
				9AF827A42C1E853E00C07883 /* Release */,
			);
			defaultConfigurationIsVisible = 0;
			defaultConfigurationName = Release;
		};
		9AF827A52C1E853E00C07883 /* Build configuration list for PBXNativeTarget "SwiftUI_CAMP__FinalProject" */ = {
			isa = XCConfigurationList;
			buildConfigurations = (
				9AF827A62C1E853E00C07883 /* Debug */,
				9AF827A72C1E853E00C07883 /* Release */,
			);
			defaultConfigurationIsVisible = 0;
			defaultConfigurationName = Release;
		};
		9AF827A82C1E853E00C07883 /* Build configuration list for PBXNativeTarget "SwiftUI_CAMP__FinalProjectTests" */ = {
			isa = XCConfigurationList;
			buildConfigurations = (
				9AF827A92C1E853E00C07883 /* Debug */,
				9AF827AA2C1E853E00C07883 /* Release */,
			);
			defaultConfigurationIsVisible = 0;
			defaultConfigurationName = Release;
		};
		9AF827AB2C1E853E00C07883 /* Build configuration list for PBXNativeTarget "SwiftUI_CAMP__FinalProjectUITests" */ = {
			isa = XCConfigurationList;
			buildConfigurations = (
				9AF827AC2C1E853E00C07883 /* Debug */,
				9AF827AD2C1E853E00C07883 /* Release */,
			);
			defaultConfigurationIsVisible = 0;
			defaultConfigurationName = Release;
		};
/* End XCConfigurationList section */
	};
	rootObject = 9AF827792C1E853C00C07883 /* Project object */;
}
